
Microsoft Visual Studio Solution File, Format Version 12.00
# Visual Studio 15
Project("{FAE04EC0-301F-11D3-BF4B-00C04F79EFBC}") = "TicTacToe", "TicTacToe.csproj", "{20ABC65B-F077-4A64-B79C-D5A01E3671C3}"
EndProject
Global
	GlobalSection(SolutionConfigurationPlatforms) = preSolution
		Debug|Any CPU = Debug|Any CPU
		Release|Any CPU = Release|Any CPU
	EndGlobalSection
	GlobalSection(ProjectConfigurationPlatforms) = postSolution
		{20ABC65B-F077-4A64-B79C-D5A01E3671C3}.Debug|Any CPU.ActiveCfg = Debug|Any CPU
		{20ABC65B-F077-4A64-B79C-D5A01E3671C3}.Debug|Any CPU.Build.0 = Debug|Any CPU
		{20ABC65B-F077-4A64-B79C-D5A01E3671C3}.Release|Any CPU.ActiveCfg = Release|Any CPU
		{20ABC65B-F077-4A64-B79C-D5A01E3671C3}.Release|Any CPU.Build.0 = Release|Any CPU
	EndGlobalSection
EndGlobal
